// !$*UTF8*$!
{
	archiveVersion = 1;
	classes = {
	};
	objectVersion = 46;
	objects = {

/* Begin PBXBuildFile section */
		14F403851CA4955800B6C579 /* AppDelegate.swift in Sources */ = {isa = PBXBuildFile; fileRef = 14F403841CA4955800B6C579 /* AppDelegate.swift */; };
		14F403871CA4955800B6C579 /* ViewController.swift in Sources */ = {isa = PBXBuildFile; fileRef = 14F403861CA4955800B6C579 /* ViewController.swift */; };
		14F4038A1CA4955800B6C579 /* Main.storyboard in Resources */ = {isa = PBXBuildFile; fileRef = 14F403881CA4955800B6C579 /* Main.storyboard */; };
		14F4038C1CA4955800B6C579 /* Assets.xcassets in Resources */ = {isa = PBXBuildFile; fileRef = 14F4038B1CA4955800B6C579 /* Assets.xcassets */; };
		14F4038F1CA4955800B6C579 /* LaunchScreen.storyboard in Resources */ = {isa = PBXBuildFile; fileRef = 14F4038D1CA4955800B6C579 /* LaunchScreen.storyboard */; };
/* End PBXBuildFile section */

/* Begin PBXFileReference section */
		14F403811CA4955800B6C579 /* matchbox20FanClub.app */ = {isa = PBXFileReference; explicitFileType = wrapper.application; includeInIndex = 0; path = matchbox20FanClub.app; sourceTree = BUILT_PRODUCTS_DIR; };
		14F403841CA4955800B6C579 /* AppDelegate.swift */ = {isa = PBXFileReference; lastKnownFileType = sourcecode.swift; path = AppDelegate.swift; sourceTree = "<group>"; };
		14F403861CA4955800B6C579 /* ViewController.swift */ = {isa = PBXFileReference; lastKnownFileType = sourcecode.swift; path = ViewController.swift; sourceTree = "<group>"; };
		14F403891CA4955800B6C579 /* Base */ = {isa = PBXFileReference; lastKnownFileType = file.storyboard; name = Base; path = Base.lproj/Main.storyboard; sourceTree = "<group>"; };
		14F4038B1CA4955800B6C579 /* Assets.xcassets */ = {isa = PBXFileReference; lastKnownFileType = folder.assetcatalog; path = Assets.xcassets; sourceTree = "<group>"; };
		14F4038E1CA4955800B6C579 /* Base */ = {isa = PBXFileReference; lastKnownFileType = file.storyboard; name = Base; path = Base.lproj/LaunchScreen.storyboard; sourceTree = "<group>"; };
		14F403901CA4955800B6C579 /* Info.plist */ = {isa = PBXFileReference; lastKnownFileType = text.plist.xml; path = Info.plist; sourceTree = "<group>"; };
/* End PBXFileReference section */

/* Begin PBXFrameworksBuildPhase section */
		14F4037E1CA4955800B6C579 /* Frameworks */ = {
			isa = PBXFrameworksBuildPhase;
			buildActionMask = 2147483647;
			files = (
			);
			runOnlyForDeploymentPostprocessing = 0;
		};
/* End PBXFrameworksBuildPhase section */

/* Begin PBXGroup section */
		14F403781CA4955800B6C579 = {
			isa = PBXGroup;
			children = (
				14F403831CA4955800B6C579 /* matchbox20FanClub */,
				14F403821CA4955800B6C579 /* Products */,
			);
			sourceTree = "<group>";
		};
		14F403821CA4955800B6C579 /* Products */ = {
			isa = PBXGroup;
			children = (
				14F403811CA4955800B6C579 /* matchbox20FanClub.app */,
			);
			name = Products;
			sourceTree = "<group>";
		};
		14F403831CA4955800B6C579 /* matchbox20FanClub */ = {
			isa = PBXGroup;
			children = (
				14F403841CA4955800B6C579 /* AppDelegate.swift */,
				14F403861CA4955800B6C579 /* ViewController.swift */,
				14F403881CA4955800B6C579 /* Main.storyboard */,
				14F4038B1CA4955800B6C579 /* Assets.xcassets */,
				14F4038D1CA4955800B6C579 /* LaunchScreen.storyboard */,
				14F403901CA4955800B6C579 /* Info.plist */,
			);
			path = matchbox20FanClub;
			sourceTree = "<group>";
		};
/* End PBXGroup section */

/* Begin PBXNativeTarget section */
		14F403801CA4955800B6C579 /* matchbox20FanClub */ = {
			isa = PBXNativeTarget;
			buildConfigurationList = 14F403931CA4955800B6C579 /* Build configuration list for PBXNativeTarget "matchbox20FanClub" */;
			buildPhases = (
				14F4037D1CA4955800B6C579 /* Sources */,
				14F4037E1CA4955800B6C579 /* Frameworks */,
				14F4037F1CA4955800B6C579 /* Resources */,
			);
			buildRules = (
			);
			dependencies = (
			);
			name = matchbox20FanClub;
			productName = matchbox20FanClub;
			productReference = 14F403811CA4955800B6C579 /* matchbox20FanClub.app */;
			productType = "com.apple.product-type.application";
		};
/* End PBXNativeTarget section */

/* Begin PBXProject section */
		14F403791CA4955800B6C579 /* Project object */ = {
			isa = PBXProject;
			attributes = {
				LastSwiftUpdateCheck = 0720;
				LastUpgradeCheck = 0720;
				ORGANIZATIONNAME = "Sean Calkins";
				TargetAttributes = {
					14F403801CA4955800B6C579 = {
						CreatedOnToolsVersion = 7.2.1;
						DevelopmentTeam = 8TBX8Z7BAB;
					};
				};
			};
			buildConfigurationList = 14F4037C1CA4955800B6C579 /* Build configuration list for PBXProject "matchbox20FanClub" */;
			compatibilityVersion = "Xcode 3.2";
			developmentRegion = English;
			hasScannedForEncodings = 0;
			knownRegions = (
				en,
				Base,
			);
			mainGroup = 14F403781CA4955800B6C579;
			productRefGroup = 14F403821CA4955800B6C579 /* Products */;
			projectDirPath = "";
			projectRoot = "";
			targets = (
				14F403801CA4955800B6C579 /* matchbox20FanClub */,
			);
		};
/* End PBXProject section */

/* Begin PBXResourcesBuildPhase section */
		14F4037F1CA4955800B6C579 /* Resources */ = {
			isa = PBXResourcesBuildPhase;
			buildActionMask = 2147483647;
			files = (
				14F4038F1CA4955800B6C579 /* LaunchScreen.storyboard in Resources */,
				14F4038C1CA4955800B6C579 /* Assets.xcassets in Resources */,
				14F4038A1CA4955800B6C579 /* Main.storyboard in Resources */,
			);
			runOnlyForDeploymentPostprocessing = 0;
		};
/* End PBXResourcesBuildPhase section */

/* Begin PBXSourcesBuildPhase section */
		14F4037D1CA4955800B6C579 /* Sources */ = {
			isa = PBXSourcesBuildPhase;
			buildActionMask = 2147483647;
			files = (
				14F403871CA4955800B6C579 /* ViewController.swift in Sources */,
				14F403851CA4955800B6C579 /* AppDelegate.swift in Sources */,
			);
			runOnlyForDeploymentPostprocessing = 0;
		};
/* End PBXSourcesBuildPhase section */

/* Begin PBXVariantGroup section */
		14F403881CA4955800B6C579 /* Main.storyboard */ = {
			isa = PBXVariantGroup;
			children = (
				14F403891CA4955800B6C579 /* Base */,
			);
			name = Main.storyboard;
			sourceTree = "<group>";
		};
		14F4038D1CA4955800B6C579 /* LaunchScreen.storyboard */ = {
			isa = PBXVariantGroup;
			children = (
				14F4038E1CA4955800B6C579 /* Base */,
			);
			name = LaunchScreen.storyboard;
			sourceTree = "<group>";
		};
/* End PBXVariantGroup section */

/* Begin XCBuildConfiguration section */
		14F403911CA4955800B6C579 /* Debug */ = {
			isa = XCBuildConfiguration;
			buildSettings = {
				ALWAYS_SEARCH_USER_PATHS = NO;
				CLANG_CXX_LANGUAGE_STANDARD = "gnu++0x";
				CLANG_CXX_LIBRARY = "libc++";
				CLANG_ENABLE_MODULES = YES;
				CLANG_ENABLE_OBJC_ARC = YES;
				CLANG_WARN_BOOL_CONVERSION = YES;
				CLANG_WARN_CONSTANT_CONVERSION = YES;
				CLANG_WARN_DIRECT_OBJC_ISA_USAGE = YES_ERROR;
				CLANG_WARN_EMPTY_BODY = YES;
				CLANG_WARN_ENUM_CONVERSION = YES;
				CLANG_WARN_INT_CONVERSION = YES;
				CLANG_WARN_OBJC_ROOT_CLASS = YES_ERROR;
				CLANG_WARN_UNREACHABLE_CODE = YES;
				CLANG_WARN__DUPLICATE_METHOD_MATCH = YES;
				"CODE_SIGN_IDENTITY[sdk=iphoneos*]" = "iPhone Developer";
				COPY_PHASE_STRIP = NO;
				DEBUG_INFORMATION_FORMAT = dwarf;
				ENABLE_STRICT_OBJC_MSGSEND = YES;
				ENABLE_TESTABILITY = YES;
				GCC_C_LANGUAGE_STANDARD = gnu99;
				GCC_DYNAMIC_NO_PIC = NO;
				GCC_NO_COMMON_BLOCKS = YES;
				GCC_OPTIMIZATION_LEVEL = 0;
				GCC_PREPROCESSOR_DEFINITIONS = (
					"DEBUG=1",
					"$(inherited)",
				);
				GCC_WARN_64_TO_32_BIT_CONVERSION = YES;
				GCC_WARN_ABOUT_RETURN_TYPE = YES_ERROR;
				GCC_WARN_UNDECLARED_SELECTOR = YES;
				GCC_WARN_UNINITIALIZED_AUTOS = YES_AGGRESSIVE;
				GCC_WARN_UNUSED_FUNCTION = YES;
				GCC_WARN_UNUSED_VARIABLE = YES;
				IPHONEOS_DEPLOYMENT_TARGET = 9.2;
				MTL_ENABLE_DEBUG_INFO = YES;
				ONLY_ACTIVE_ARCH = YES;
				SDKROOT = iphoneos;
				SWIFT_OPTIMIZATION_LEVEL = "-Onone";
			};
			name = Debug;
		};
		14F403921CA4955800B6C579 /* Release */ = {
			isa = XCBuildConfiguration;
			buildSettings = {
				ALWAYS_SEARCH_USER_PATHS = NO;
				CLANG_CXX_LANGUAGE_STANDARD = "gnu++0x";
				CLANG_CXX_LIBRARY = "libc++";
				CLANG_ENABLE_MODULES = YES;
				CLANG_ENABLE_OBJC_ARC = YES;
				CLANG_WARN_BOOL_CONVERSION = YES;
				CLANG_WARN_CONSTANT_CONVERSION = YES;
				CLANG_WARN_DIRECT_OBJC_ISA_USAGE = YES_ERROR;
				CLANG_WARN_EMPTY_BODY = YES;
				CLANG_WARN_ENUM_CONVERSION = YES;
				CLANG_WARN_INT_CONVERSION = YES;
				CLANG_WARN_OBJC_ROOT_CLASS = YES_ERROR;
				CLANG_WARN_UNREACHABLE_CODE = YES;
				CLANG_WARN__DUPLICATE_METHOD_MATCH = YES;
				"CODE_SIGN_IDENTITY[sdk=iphoneos*]" = "iPhone Developer";
				COPY_PHASE_STRIP = NO;
				DEBUG_INFORMATION_FORMAT = "dwarf-with-dsym";
				ENABLE_NS_ASSERTIONS = NO;
				ENABLE_STRICT_OBJC_MSGSEND = YES;
				GCC_C_LANGUAGE_STANDARD = gnu99;
				GCC_NO_COMMON_BLOCKS = YES;
				GCC_WARN_64_TO_32_BIT_CONVERSION = YES;
				GCC_WARN_ABOUT_RETURN_TYPE = YES_ERROR;
				GCC_WARN_UNDECLARED_SELECTOR = YES;
				GCC_WARN_UNINITIALIZED_AUTOS = YES_AGGRESSIVE;
				GCC_WARN_UNUSED_FUNCTION = YES;
				GCC_WARN_UNUSED_VARIABLE = YES;
				IPHONEOS_DEPLOYMENT_TARGET = 9.2;
				MTL_ENABLE_DEBUG_INFO = NO;
				SDKROOT = iphoneos;
				VALIDATE_PRODUCT = YES;
			};
			name = Release;
		};
		14F403941CA4955800B6C579 /* Debug */ = {
			isa = XCBuildConfiguration;
			buildSettings = {
				ASSETCATALOG_COMPILER_APPICON_NAME = AppIcon;
				INFOPLIST_FILE = matchbox20FanClub/Info.plist;
				LD_RUNPATH_SEARCH_PATHS = "$(inherited) @executable_path/Frameworks";
				PRODUCT_BUNDLE_IDENTIFIER = "Sean-Calkins.matchbox20FanClub";
				PRODUCT_NAME = "$(TARGET_NAME)";
			};
			name = Debug;
		};
		14F403951CA4955800B6C579 /* Release */ = {
			isa = XCBuildConfiguration;
			buildSettings = {
				ASSETCATALOG_COMPILER_APPICON_NAME = AppIcon;
				INFOPLIST_FILE = matchbox20FanClub/Info.plist;
				LD_RUNPATH_SEARCH_PATHS = "$(inherited) @executable_path/Frameworks";
				PRODUCT_BUNDLE_IDENTIFIER = "Sean-Calkins.matchbox20FanClub";
				PRODUCT_NAME = "$(TARGET_NAME)";
			};
			name = Release;
		};
/* End XCBuildConfiguration section */

/* Begin XCConfigurationList section */
		14F4037C1CA4955800B6C579 /* Build configuration list for PBXProject "matchbox20FanClub" */ = {
			isa = XCConfigurationList;
			buildConfigurations = (
				14F403911CA4955800B6C579 /* Debug */,
				14F403921CA4955800B6C579 /* Release */,
			);
			defaultConfigurationIsVisible = 0;
			defaultConfigurationName = Release;
		};
		14F403931CA4955800B6C579 /* Build configuration list for PBXNativeTarget "matchbox20FanClub" */ = {
			isa = XCConfigurationList;
			buildConfigurations = (
				14F403941CA4955800B6C579 /* Debug */,
				14F403951CA4955800B6C579 /* Release */,
			);
			defaultConfigurationIsVisible = 0;
		};
/* End XCConfigurationList section */
	};
	rootObject = 14F403791CA4955800B6C579 /* Project object */;
}
