// !$*UTF8*$!
{
	archiveVersion = 1;
	classes = {
	};
	objectVersion = 46;
	objects = {

/* Begin PBXBuildFile section */
		14CC5FC51C8E644C0007BB74 /* main.m in Sources */ = {isa = PBXBuildFile; fileRef = 14CC5FC41C8E644C0007BB74 /* main.m */; };
		14CC5FC81C8E644C0007BB74 /* AppDelegate.m in Sources */ = {isa = PBXBuildFile; fileRef = 14CC5FC71C8E644C0007BB74 /* AppDelegate.m */; };
		14CC5FCB1C8E644C0007BB74 /* ViewController.m in Sources */ = {isa = PBXBuildFile; fileRef = 14CC5FCA1C8E644C0007BB74 /* ViewController.m */; };
		14CC5FCE1C8E644C0007BB74 /* Main.storyboard in Resources */ = {isa = PBXBuildFile; fileRef = 14CC5FCC1C8E644C0007BB74 /* Main.storyboard */; };
		14CC5FD01C8E644C0007BB74 /* Assets.xcassets in Resources */ = {isa = PBXBuildFile; fileRef = 14CC5FCF1C8E644C0007BB74 /* Assets.xcassets */; };
		14CC5FD31C8E644C0007BB74 /* LaunchScreen.storyboard in Resources */ = {isa = PBXBuildFile; fileRef = 14CC5FD11C8E644C0007BB74 /* LaunchScreen.storyboard */; };
		14CC5FDB1C8E66370007BB74 /* digital-7.ttf in Resources */ = {isa = PBXBuildFile; fileRef = 14CC5FDA1C8E66370007BB74 /* digital-7.ttf */; };
		14CC5FDE1C8E6A740007BB74 /* DatePickerViewController.m in Sources */ = {isa = PBXBuildFile; fileRef = 14CC5FDD1C8E6A740007BB74 /* DatePickerViewController.m */; };
		14CC5FE11C8E6A8C0007BB74 /* NoRoadsViewController.m in Sources */ = {isa = PBXBuildFile; fileRef = 14CC5FE01C8E6A8C0007BB74 /* NoRoadsViewController.m */; };
/* End PBXBuildFile section */

/* Begin PBXFileReference section */
		14CC5FC01C8E644C0007BB74 /* OutaTimeObjC.app */ = {isa = PBXFileReference; explicitFileType = wrapper.application; includeInIndex = 0; path = OutaTimeObjC.app; sourceTree = BUILT_PRODUCTS_DIR; };
		14CC5FC41C8E644C0007BB74 /* main.m */ = {isa = PBXFileReference; lastKnownFileType = sourcecode.c.objc; path = main.m; sourceTree = "<group>"; };
		14CC5FC61C8E644C0007BB74 /* AppDelegate.h */ = {isa = PBXFileReference; lastKnownFileType = sourcecode.c.h; path = AppDelegate.h; sourceTree = "<group>"; };
		14CC5FC71C8E644C0007BB74 /* AppDelegate.m */ = {isa = PBXFileReference; lastKnownFileType = sourcecode.c.objc; path = AppDelegate.m; sourceTree = "<group>"; };
		14CC5FC91C8E644C0007BB74 /* ViewController.h */ = {isa = PBXFileReference; lastKnownFileType = sourcecode.c.h; path = ViewController.h; sourceTree = "<group>"; };
		14CC5FCA1C8E644C0007BB74 /* ViewController.m */ = {isa = PBXFileReference; lastKnownFileType = sourcecode.c.objc; path = ViewController.m; sourceTree = "<group>"; };
		14CC5FCD1C8E644C0007BB74 /* Base */ = {isa = PBXFileReference; lastKnownFileType = file.storyboard; name = Base; path = Base.lproj/Main.storyboard; sourceTree = "<group>"; };
		14CC5FCF1C8E644C0007BB74 /* Assets.xcassets */ = {isa = PBXFileReference; lastKnownFileType = folder.assetcatalog; path = Assets.xcassets; sourceTree = "<group>"; };
		14CC5FD21C8E644C0007BB74 /* Base */ = {isa = PBXFileReference; lastKnownFileType = file.storyboard; name = Base; path = Base.lproj/LaunchScreen.storyboard; sourceTree = "<group>"; };
		14CC5FD41C8E644C0007BB74 /* Info.plist */ = {isa = PBXFileReference; lastKnownFileType = text.plist.xml; path = Info.plist; sourceTree = "<group>"; };
		14CC5FDA1C8E66370007BB74 /* digital-7.ttf */ = {isa = PBXFileReference; lastKnownFileType = file; path = "digital-7.ttf"; sourceTree = "<group>"; };
		14CC5FDC1C8E6A740007BB74 /* DatePickerViewController.h */ = {isa = PBXFileReference; fileEncoding = 4; lastKnownFileType = sourcecode.c.h; path = DatePickerViewController.h; sourceTree = "<group>"; };
		14CC5FDD1C8E6A740007BB74 /* DatePickerViewController.m */ = {isa = PBXFileReference; fileEncoding = 4; lastKnownFileType = sourcecode.c.objc; path = DatePickerViewController.m; sourceTree = "<group>"; };
		14CC5FDF1C8E6A8C0007BB74 /* NoRoadsViewController.h */ = {isa = PBXFileReference; fileEncoding = 4; lastKnownFileType = sourcecode.c.h; name = NoRoadsViewController.h; path = ../NoRoadsViewController.h; sourceTree = "<group>"; };
		14CC5FE01C8E6A8C0007BB74 /* NoRoadsViewController.m */ = {isa = PBXFileReference; fileEncoding = 4; lastKnownFileType = sourcecode.c.objc; name = NoRoadsViewController.m; path = ../NoRoadsViewController.m; sourceTree = "<group>"; };
/* End PBXFileReference section */

/* Begin PBXFrameworksBuildPhase section */
		14CC5FBD1C8E644C0007BB74 /* Frameworks */ = {
			isa = PBXFrameworksBuildPhase;
			buildActionMask = 2147483647;
			files = (
			);
			runOnlyForDeploymentPostprocessing = 0;
		};
/* End PBXFrameworksBuildPhase section */

/* Begin PBXGroup section */
		14CC5FB71C8E644C0007BB74 = {
			isa = PBXGroup;
			children = (
				14CC5FC21C8E644C0007BB74 /* OutaTimeObjC */,
				14CC5FC11C8E644C0007BB74 /* Products */,
				14CC5FDA1C8E66370007BB74 /* digital-7.ttf */,
			);
			sourceTree = "<group>";
		};
		14CC5FC11C8E644C0007BB74 /* Products */ = {
			isa = PBXGroup;
			children = (
				14CC5FC01C8E644C0007BB74 /* OutaTimeObjC.app */,
			);
			name = Products;
			sourceTree = "<group>";
		};
		14CC5FC21C8E644C0007BB74 /* OutaTimeObjC */ = {
			isa = PBXGroup;
			children = (
				14CC5FC61C8E644C0007BB74 /* AppDelegate.h */,
				14CC5FC71C8E644C0007BB74 /* AppDelegate.m */,
				14CC5FDF1C8E6A8C0007BB74 /* NoRoadsViewController.h */,
				14CC5FE01C8E6A8C0007BB74 /* NoRoadsViewController.m */,
				14CC5FC91C8E644C0007BB74 /* ViewController.h */,
				14CC5FCA1C8E644C0007BB74 /* ViewController.m */,
				14CC5FDC1C8E6A740007BB74 /* DatePickerViewController.h */,
				14CC5FDD1C8E6A740007BB74 /* DatePickerViewController.m */,
				14CC5FCC1C8E644C0007BB74 /* Main.storyboard */,
				14CC5FCF1C8E644C0007BB74 /* Assets.xcassets */,
				14CC5FD11C8E644C0007BB74 /* LaunchScreen.storyboard */,
				14CC5FD41C8E644C0007BB74 /* Info.plist */,
				14CC5FC31C8E644C0007BB74 /* Supporting Files */,
			);
			path = OutaTimeObjC;
			sourceTree = "<group>";
		};
		14CC5FC31C8E644C0007BB74 /* Supporting Files */ = {
			isa = PBXGroup;
			children = (
				14CC5FC41C8E644C0007BB74 /* main.m */,
			);
			name = "Supporting Files";
			sourceTree = "<group>";
		};
/* End PBXGroup section */

/* Begin PBXNativeTarget section */
		14CC5FBF1C8E644C0007BB74 /* OutaTimeObjC */ = {
			isa = PBXNativeTarget;
			buildConfigurationList = 14CC5FD71C8E644C0007BB74 /* Build configuration list for PBXNativeTarget "OutaTimeObjC" */;
			buildPhases = (
				14CC5FBC1C8E644C0007BB74 /* Sources */,
				14CC5FBD1C8E644C0007BB74 /* Frameworks */,
				14CC5FBE1C8E644C0007BB74 /* Resources */,
			);
			buildRules = (
			);
			dependencies = (
			);
			name = OutaTimeObjC;
			productName = OutaTimeObjC;
			productReference = 14CC5FC01C8E644C0007BB74 /* OutaTimeObjC.app */;
			productType = "com.apple.product-type.application";
		};
/* End PBXNativeTarget section */

/* Begin PBXProject section */
		14CC5FB81C8E644C0007BB74 /* Project object */ = {
			isa = PBXProject;
			attributes = {
				LastUpgradeCheck = 0720;
				ORGANIZATIONNAME = "Sean Calkins";
				TargetAttributes = {
					14CC5FBF1C8E644C0007BB74 = {
						CreatedOnToolsVersion = 7.2.1;
						DevelopmentTeam = 8TBX8Z7BAB;
					};
				};
			};
			buildConfigurationList = 14CC5FBB1C8E644C0007BB74 /* Build configuration list for PBXProject "OutaTimeObjC" */;
			compatibilityVersion = "Xcode 3.2";
			developmentRegion = English;
			hasScannedForEncodings = 0;
			knownRegions = (
				en,
				Base,
			);
			mainGroup = 14CC5FB71C8E644C0007BB74;
			productRefGroup = 14CC5FC11C8E644C0007BB74 /* Products */;
			projectDirPath = "";
			projectRoot = "";
			targets = (
				14CC5FBF1C8E644C0007BB74 /* OutaTimeObjC */,
			);
		};
/* End PBXProject section */

/* Begin PBXResourcesBuildPhase section */
		14CC5FBE1C8E644C0007BB74 /* Resources */ = {
			isa = PBXResourcesBuildPhase;
			buildActionMask = 2147483647;
			files = (
				14CC5FD31C8E644C0007BB74 /* LaunchScreen.storyboard in Resources */,
				14CC5FD01C8E644C0007BB74 /* Assets.xcassets in Resources */,
				14CC5FCE1C8E644C0007BB74 /* Main.storyboard in Resources */,
				14CC5FDB1C8E66370007BB74 /* digital-7.ttf in Resources */,
			);
			runOnlyForDeploymentPostprocessing = 0;
		};
/* End PBXResourcesBuildPhase section */

/* Begin PBXSourcesBuildPhase section */
		14CC5FBC1C8E644C0007BB74 /* Sources */ = {
			isa = PBXSourcesBuildPhase;
			buildActionMask = 2147483647;
			files = (
				14CC5FDE1C8E6A740007BB74 /* DatePickerViewController.m in Sources */,
				14CC5FCB1C8E644C0007BB74 /* ViewController.m in Sources */,
				14CC5FC81C8E644C0007BB74 /* AppDelegate.m in Sources */,
				14CC5FE11C8E6A8C0007BB74 /* NoRoadsViewController.m in Sources */,
				14CC5FC51C8E644C0007BB74 /* main.m in Sources */,
			);
			runOnlyForDeploymentPostprocessing = 0;
		};
/* End PBXSourcesBuildPhase section */

/* Begin PBXVariantGroup section */
		14CC5FCC1C8E644C0007BB74 /* Main.storyboard */ = {
			isa = PBXVariantGroup;
			children = (
				14CC5FCD1C8E644C0007BB74 /* Base */,
			);
			name = Main.storyboard;
			sourceTree = "<group>";
		};
		14CC5FD11C8E644C0007BB74 /* LaunchScreen.storyboard */ = {
			isa = PBXVariantGroup;
			children = (
				14CC5FD21C8E644C0007BB74 /* Base */,
			);
			name = LaunchScreen.storyboard;
			sourceTree = "<group>";
		};
/* End PBXVariantGroup section */

/* Begin XCBuildConfiguration section */
		14CC5FD51C8E644C0007BB74 /* Debug */ = {
			isa = XCBuildConfiguration;
			buildSettings = {
				ALWAYS_SEARCH_USER_PATHS = NO;
				CLANG_CXX_LANGUAGE_STANDARD = "gnu++0x";
				CLANG_CXX_LIBRARY = "libc++";
				CLANG_ENABLE_MODULES = YES;
				CLANG_ENABLE_OBJC_ARC = YES;
				CLANG_WARN_BOOL_CONVERSION = YES;
				CLANG_WARN_CONSTANT_CONVERSION = YES;
				CLANG_WARN_DIRECT_OBJC_ISA_USAGE = YES_ERROR;
				CLANG_WARN_EMPTY_BODY = YES;
				CLANG_WARN_ENUM_CONVERSION = YES;
				CLANG_WARN_INT_CONVERSION = YES;
				CLANG_WARN_OBJC_ROOT_CLASS = YES_ERROR;
				CLANG_WARN_UNREACHABLE_CODE = YES;
				CLANG_WARN__DUPLICATE_METHOD_MATCH = YES;
				"CODE_SIGN_IDENTITY[sdk=iphoneos*]" = "iPhone Developer";
				COPY_PHASE_STRIP = NO;
				DEBUG_INFORMATION_FORMAT = dwarf;
				ENABLE_STRICT_OBJC_MSGSEND = YES;
				ENABLE_TESTABILITY = YES;
				GCC_C_LANGUAGE_STANDARD = gnu99;
				GCC_DYNAMIC_NO_PIC = NO;
				GCC_NO_COMMON_BLOCKS = YES;
				GCC_OPTIMIZATION_LEVEL = 0;
				GCC_PREPROCESSOR_DEFINITIONS = (
					"DEBUG=1",
					"$(inherited)",
				);
				GCC_WARN_64_TO_32_BIT_CONVERSION = YES;
				GCC_WARN_ABOUT_RETURN_TYPE = YES_ERROR;
				GCC_WARN_UNDECLARED_SELECTOR = YES;
				GCC_WARN_UNINITIALIZED_AUTOS = YES_AGGRESSIVE;
				GCC_WARN_UNUSED_FUNCTION = YES;
				GCC_WARN_UNUSED_VARIABLE = YES;
				IPHONEOS_DEPLOYMENT_TARGET = 9.2;
				MTL_ENABLE_DEBUG_INFO = YES;
				ONLY_ACTIVE_ARCH = YES;
				SDKROOT = iphoneos;
			};
			name = Debug;
		};
		14CC5FD61C8E644C0007BB74 /* Release */ = {
			isa = XCBuildConfiguration;
			buildSettings = {
				ALWAYS_SEARCH_USER_PATHS = NO;
				CLANG_CXX_LANGUAGE_STANDARD = "gnu++0x";
				CLANG_CXX_LIBRARY = "libc++";
				CLANG_ENABLE_MODULES = YES;
				CLANG_ENABLE_OBJC_ARC = YES;
				CLANG_WARN_BOOL_CONVERSION = YES;
				CLANG_WARN_CONSTANT_CONVERSION = YES;
				CLANG_WARN_DIRECT_OBJC_ISA_USAGE = YES_ERROR;
				CLANG_WARN_EMPTY_BODY = YES;
				CLANG_WARN_ENUM_CONVERSION = YES;
				CLANG_WARN_INT_CONVERSION = YES;
				CLANG_WARN_OBJC_ROOT_CLASS = YES_ERROR;
				CLANG_WARN_UNREACHABLE_CODE = YES;
				CLANG_WARN__DUPLICATE_METHOD_MATCH = YES;
				"CODE_SIGN_IDENTITY[sdk=iphoneos*]" = "iPhone Developer";
				COPY_PHASE_STRIP = NO;
				DEBUG_INFORMATION_FORMAT = "dwarf-with-dsym";
				ENABLE_NS_ASSERTIONS = NO;
				ENABLE_STRICT_OBJC_MSGSEND = YES;
				GCC_C_LANGUAGE_STANDARD = gnu99;
				GCC_NO_COMMON_BLOCKS = YES;
				GCC_WARN_64_TO_32_BIT_CONVERSION = YES;
				GCC_WARN_ABOUT_RETURN_TYPE = YES_ERROR;
				GCC_WARN_UNDECLARED_SELECTOR = YES;
				GCC_WARN_UNINITIALIZED_AUTOS = YES_AGGRESSIVE;
				GCC_WARN_UNUSED_FUNCTION = YES;
				GCC_WARN_UNUSED_VARIABLE = YES;
				IPHONEOS_DEPLOYMENT_TARGET = 9.2;
				MTL_ENABLE_DEBUG_INFO = NO;
				SDKROOT = iphoneos;
				VALIDATE_PRODUCT = YES;
			};
			name = Release;
		};
		14CC5FD81C8E644C0007BB74 /* Debug */ = {
			isa = XCBuildConfiguration;
			buildSettings = {
				ASSETCATALOG_COMPILER_APPICON_NAME = AppIcon;
				INFOPLIST_FILE = OutaTimeObjC/Info.plist;
				LD_RUNPATH_SEARCH_PATHS = "$(inherited) @executable_path/Frameworks";
				PRODUCT_BUNDLE_IDENTIFIER = "Sean-Calkins.OutaTimeObjC";
				PRODUCT_NAME = "$(TARGET_NAME)";
			};
			name = Debug;
		};
		14CC5FD91C8E644C0007BB74 /* Release */ = {
			isa = XCBuildConfiguration;
			buildSettings = {
				ASSETCATALOG_COMPILER_APPICON_NAME = AppIcon;
				INFOPLIST_FILE = OutaTimeObjC/Info.plist;
				LD_RUNPATH_SEARCH_PATHS = "$(inherited) @executable_path/Frameworks";
				PRODUCT_BUNDLE_IDENTIFIER = "Sean-Calkins.OutaTimeObjC";
				PRODUCT_NAME = "$(TARGET_NAME)";
			};
			name = Release;
		};
/* End XCBuildConfiguration section */

/* Begin XCConfigurationList section */
		14CC5FBB1C8E644C0007BB74 /* Build configuration list for PBXProject "OutaTimeObjC" */ = {
			isa = XCConfigurationList;
			buildConfigurations = (
				14CC5FD51C8E644C0007BB74 /* Debug */,
				14CC5FD61C8E644C0007BB74 /* Release */,
			);
			defaultConfigurationIsVisible = 0;
			defaultConfigurationName = Release;
		};
		14CC5FD71C8E644C0007BB74 /* Build configuration list for PBXNativeTarget "OutaTimeObjC" */ = {
			isa = XCConfigurationList;
			buildConfigurations = (
				14CC5FD81C8E644C0007BB74 /* Debug */,
				14CC5FD91C8E644C0007BB74 /* Release */,
			);
			defaultConfigurationIsVisible = 0;
		};
/* End XCConfigurationList section */
	};
	rootObject = 14CC5FB81C8E644C0007BB74 /* Project object */;
}
