// !$*UTF8*$!
{
	archiveVersion = 1;
	classes = {
	};
	objectVersion = 46;
	objects = {

/* Begin PBXBuildFile section */
		14FE6EC51C73CC5500C5ED96 /* AppDelegate.swift in Sources */ = {isa = PBXBuildFile; fileRef = 14FE6EC41C73CC5500C5ED96 /* AppDelegate.swift */; };
		14FE6EC71C73CC5500C5ED96 /* ProfileViewController.swift in Sources */ = {isa = PBXBuildFile; fileRef = 14FE6EC61C73CC5500C5ED96 /* ProfileViewController.swift */; };
		14FE6EC91C73CC5500C5ED96 /* FindCarViewController.swift in Sources */ = {isa = PBXBuildFile; fileRef = 14FE6EC81C73CC5500C5ED96 /* FindCarViewController.swift */; };
		14FE6ECC1C73CC5500C5ED96 /* Main.storyboard in Resources */ = {isa = PBXBuildFile; fileRef = 14FE6ECA1C73CC5500C5ED96 /* Main.storyboard */; };
		14FE6ECE1C73CC5500C5ED96 /* Assets.xcassets in Resources */ = {isa = PBXBuildFile; fileRef = 14FE6ECD1C73CC5500C5ED96 /* Assets.xcassets */; };
		14FE6ED11C73CC5500C5ED96 /* LaunchScreen.storyboard in Resources */ = {isa = PBXBuildFile; fileRef = 14FE6ECF1C73CC5500C5ED96 /* LaunchScreen.storyboard */; };
		14FE6ED91C73CD0900C5ED96 /* SettingsTableViewController.swift in Sources */ = {isa = PBXBuildFile; fileRef = 14FE6ED81C73CD0900C5ED96 /* SettingsTableViewController.swift */; };
		14FE6EDC1C73DBCB00C5ED96 /* CFMyBloodyValentine-Regular.ttf in Resources */ = {isa = PBXBuildFile; fileRef = 14FE6EDB1C73DBCB00C5ED96 /* CFMyBloodyValentine-Regular.ttf */; };
		14FE6EDE1C73DD1C00C5ED96 /* Rockabilly.ttf in Resources */ = {isa = PBXBuildFile; fileRef = 14FE6EDD1C73DD1C00C5ED96 /* Rockabilly.ttf */; };
		14FE6EE21C73E84000C5ED96 /* ColorChangeTableViewCell.swift in Sources */ = {isa = PBXBuildFile; fileRef = 14FE6EE11C73E84000C5ED96 /* ColorChangeTableViewCell.swift */; };
		14FE6EE41C73E91500C5ED96 /* RCGTableViewCell.swift in Sources */ = {isa = PBXBuildFile; fileRef = 14FE6EE31C73E91500C5ED96 /* RCGTableViewCell.swift */; };
		14FE6EE61C73F72600C5ED96 /* adrip1.ttf in Resources */ = {isa = PBXBuildFile; fileRef = 14FE6EE51C73F72600C5ED96 /* adrip1.ttf */; };
		14FE6EE81C74D88500C5ED96 /* Config.swift in Sources */ = {isa = PBXBuildFile; fileRef = 14FE6EE71C74D88500C5ED96 /* Config.swift */; };
		14FE6F0A1C7518AC00C5ED96 /* MapKit.framework in Frameworks */ = {isa = PBXBuildFile; fileRef = 14FE6F091C7518AC00C5ED96 /* MapKit.framework */; };
/* End PBXBuildFile section */

/* Begin PBXFileReference section */
		14FE6EC11C73CC5500C5ED96 /* missingCar.app */ = {isa = PBXFileReference; explicitFileType = wrapper.application; includeInIndex = 0; path = missingCar.app; sourceTree = BUILT_PRODUCTS_DIR; };
		14FE6EC41C73CC5500C5ED96 /* AppDelegate.swift */ = {isa = PBXFileReference; lastKnownFileType = sourcecode.swift; path = AppDelegate.swift; sourceTree = "<group>"; };
		14FE6EC61C73CC5500C5ED96 /* ProfileViewController.swift */ = {isa = PBXFileReference; lastKnownFileType = sourcecode.swift; path = ProfileViewController.swift; sourceTree = "<group>"; };
		14FE6EC81C73CC5500C5ED96 /* FindCarViewController.swift */ = {isa = PBXFileReference; lastKnownFileType = sourcecode.swift; path = FindCarViewController.swift; sourceTree = "<group>"; };
		14FE6ECB1C73CC5500C5ED96 /* Base */ = {isa = PBXFileReference; lastKnownFileType = file.storyboard; name = Base; path = Base.lproj/Main.storyboard; sourceTree = "<group>"; };
		14FE6ECD1C73CC5500C5ED96 /* Assets.xcassets */ = {isa = PBXFileReference; lastKnownFileType = folder.assetcatalog; path = Assets.xcassets; sourceTree = "<group>"; };
		14FE6ED01C73CC5500C5ED96 /* Base */ = {isa = PBXFileReference; lastKnownFileType = file.storyboard; name = Base; path = Base.lproj/LaunchScreen.storyboard; sourceTree = "<group>"; };
		14FE6ED21C73CC5500C5ED96 /* Info.plist */ = {isa = PBXFileReference; lastKnownFileType = text.plist.xml; path = Info.plist; sourceTree = "<group>"; };
		14FE6ED81C73CD0900C5ED96 /* SettingsTableViewController.swift */ = {isa = PBXFileReference; fileEncoding = 4; lastKnownFileType = sourcecode.swift; path = SettingsTableViewController.swift; sourceTree = "<group>"; };
		14FE6EDB1C73DBCB00C5ED96 /* CFMyBloodyValentine-Regular.ttf */ = {isa = PBXFileReference; lastKnownFileType = file; name = "CFMyBloodyValentine-Regular.ttf"; path = "../CFMyBloodyValentine-Regular.ttf"; sourceTree = "<group>"; };
		14FE6EDD1C73DD1C00C5ED96 /* Rockabilly.ttf */ = {isa = PBXFileReference; lastKnownFileType = file; name = Rockabilly.ttf; path = ../Rockabilly.ttf; sourceTree = "<group>"; };
		14FE6EDF1C73DD2B00C5ED96 /* STONIN.TTF */ = {isa = PBXFileReference; lastKnownFileType = file; name = STONIN.TTF; path = ../STONIN.TTF; sourceTree = "<group>"; };
		14FE6EE01C73DD4300C5ED96 /* Bellerose.ttf */ = {isa = PBXFileReference; lastKnownFileType = file; name = Bellerose.ttf; path = ../Bellerose.ttf; sourceTree = "<group>"; };
		14FE6EE11C73E84000C5ED96 /* ColorChangeTableViewCell.swift */ = {isa = PBXFileReference; fileEncoding = 4; lastKnownFileType = sourcecode.swift; path = ColorChangeTableViewCell.swift; sourceTree = "<group>"; };
		14FE6EE31C73E91500C5ED96 /* RCGTableViewCell.swift */ = {isa = PBXFileReference; fileEncoding = 4; lastKnownFileType = sourcecode.swift; path = RCGTableViewCell.swift; sourceTree = "<group>"; };
		14FE6EE51C73F72600C5ED96 /* adrip1.ttf */ = {isa = PBXFileReference; lastKnownFileType = file; name = adrip1.ttf; path = ../adrip1.ttf; sourceTree = "<group>"; };
		14FE6EE71C74D88500C5ED96 /* Config.swift */ = {isa = PBXFileReference; fileEncoding = 4; lastKnownFileType = sourcecode.swift; name = Config.swift; path = ../Config.swift; sourceTree = "<group>"; };
		14FE6F091C7518AC00C5ED96 /* MapKit.framework */ = {isa = PBXFileReference; lastKnownFileType = wrapper.framework; name = MapKit.framework; path = System/Library/Frameworks/MapKit.framework; sourceTree = SDKROOT; };
/* End PBXFileReference section */

/* Begin PBXFrameworksBuildPhase section */
		14FE6EBE1C73CC5500C5ED96 /* Frameworks */ = {
			isa = PBXFrameworksBuildPhase;
			buildActionMask = 2147483647;
			files = (
				14FE6F0A1C7518AC00C5ED96 /* MapKit.framework in Frameworks */,
			);
			runOnlyForDeploymentPostprocessing = 0;
		};
/* End PBXFrameworksBuildPhase section */

/* Begin PBXGroup section */
		14FE6EB81C73CC5500C5ED96 = {
			isa = PBXGroup;
			children = (
				14FE6F091C7518AC00C5ED96 /* MapKit.framework */,
				14FE6EC31C73CC5500C5ED96 /* missingCar */,
				14FE6EC21C73CC5500C5ED96 /* Products */,
			);
			sourceTree = "<group>";
		};
		14FE6EC21C73CC5500C5ED96 /* Products */ = {
			isa = PBXGroup;
			children = (
				14FE6EC11C73CC5500C5ED96 /* missingCar.app */,
			);
			name = Products;
			sourceTree = "<group>";
		};
		14FE6EC31C73CC5500C5ED96 /* missingCar */ = {
			isa = PBXGroup;
			children = (
				14FE6EC41C73CC5500C5ED96 /* AppDelegate.swift */,
				14FE6EE71C74D88500C5ED96 /* Config.swift */,
				14FE6EC61C73CC5500C5ED96 /* ProfileViewController.swift */,
				14FE6EC81C73CC5500C5ED96 /* FindCarViewController.swift */,
				14FE6ED81C73CD0900C5ED96 /* SettingsTableViewController.swift */,
				14FE6EE11C73E84000C5ED96 /* ColorChangeTableViewCell.swift */,
				14FE6EE31C73E91500C5ED96 /* RCGTableViewCell.swift */,
				14FE6ECA1C73CC5500C5ED96 /* Main.storyboard */,
				14FE6ECD1C73CC5500C5ED96 /* Assets.xcassets */,
				14FE6ECF1C73CC5500C5ED96 /* LaunchScreen.storyboard */,
				14FE6ED21C73CC5500C5ED96 /* Info.plist */,
				14FE6EDB1C73DBCB00C5ED96 /* CFMyBloodyValentine-Regular.ttf */,
				14FE6EDD1C73DD1C00C5ED96 /* Rockabilly.ttf */,
				14FE6EDF1C73DD2B00C5ED96 /* STONIN.TTF */,
				14FE6EE01C73DD4300C5ED96 /* Bellerose.ttf */,
				14FE6EE51C73F72600C5ED96 /* adrip1.ttf */,
			);
			path = missingCar;
			sourceTree = "<group>";
		};
/* End PBXGroup section */

/* Begin PBXNativeTarget section */
		14FE6EC01C73CC5500C5ED96 /* missingCar */ = {
			isa = PBXNativeTarget;
			buildConfigurationList = 14FE6ED51C73CC5500C5ED96 /* Build configuration list for PBXNativeTarget "missingCar" */;
			buildPhases = (
				14FE6EBD1C73CC5500C5ED96 /* Sources */,
				14FE6EBE1C73CC5500C5ED96 /* Frameworks */,
				14FE6EBF1C73CC5500C5ED96 /* Resources */,
			);
			buildRules = (
			);
			dependencies = (
			);
			name = missingCar;
			productName = missingCar;
			productReference = 14FE6EC11C73CC5500C5ED96 /* missingCar.app */;
			productType = "com.apple.product-type.application";
		};
/* End PBXNativeTarget section */

/* Begin PBXProject section */
		14FE6EB91C73CC5500C5ED96 /* Project object */ = {
			isa = PBXProject;
			attributes = {
				LastSwiftUpdateCheck = 0720;
				LastUpgradeCheck = 0720;
				ORGANIZATIONNAME = "Sean Calkins";
				TargetAttributes = {
					14FE6EC01C73CC5500C5ED96 = {
						CreatedOnToolsVersion = 7.2.1;
						SystemCapabilities = {
							com.apple.Maps.iOS = {
								enabled = 1;
							};
						};
					};
				};
			};
			buildConfigurationList = 14FE6EBC1C73CC5500C5ED96 /* Build configuration list for PBXProject "missingCar" */;
			compatibilityVersion = "Xcode 3.2";
			developmentRegion = English;
			hasScannedForEncodings = 0;
			knownRegions = (
				en,
				Base,
			);
			mainGroup = 14FE6EB81C73CC5500C5ED96;
			productRefGroup = 14FE6EC21C73CC5500C5ED96 /* Products */;
			projectDirPath = "";
			projectRoot = "";
			targets = (
				14FE6EC01C73CC5500C5ED96 /* missingCar */,
			);
		};
/* End PBXProject section */

/* Begin PBXResourcesBuildPhase section */
		14FE6EBF1C73CC5500C5ED96 /* Resources */ = {
			isa = PBXResourcesBuildPhase;
			buildActionMask = 2147483647;
			files = (
				14FE6EDC1C73DBCB00C5ED96 /* CFMyBloodyValentine-Regular.ttf in Resources */,
				14FE6ED11C73CC5500C5ED96 /* LaunchScreen.storyboard in Resources */,
				14FE6ECE1C73CC5500C5ED96 /* Assets.xcassets in Resources */,
				14FE6EDE1C73DD1C00C5ED96 /* Rockabilly.ttf in Resources */,
				14FE6ECC1C73CC5500C5ED96 /* Main.storyboard in Resources */,
				14FE6EE61C73F72600C5ED96 /* adrip1.ttf in Resources */,
			);
			runOnlyForDeploymentPostprocessing = 0;
		};
/* End PBXResourcesBuildPhase section */

/* Begin PBXSourcesBuildPhase section */
		14FE6EBD1C73CC5500C5ED96 /* Sources */ = {
			isa = PBXSourcesBuildPhase;
			buildActionMask = 2147483647;
			files = (
				14FE6ED91C73CD0900C5ED96 /* SettingsTableViewController.swift in Sources */,
				14FE6EC91C73CC5500C5ED96 /* FindCarViewController.swift in Sources */,
				14FE6EE21C73E84000C5ED96 /* ColorChangeTableViewCell.swift in Sources */,
				14FE6EE81C74D88500C5ED96 /* Config.swift in Sources */,
				14FE6EC51C73CC5500C5ED96 /* AppDelegate.swift in Sources */,
				14FE6EE41C73E91500C5ED96 /* RCGTableViewCell.swift in Sources */,
				14FE6EC71C73CC5500C5ED96 /* ProfileViewController.swift in Sources */,
			);
			runOnlyForDeploymentPostprocessing = 0;
		};
/* End PBXSourcesBuildPhase section */

/* Begin PBXVariantGroup section */
		14FE6ECA1C73CC5500C5ED96 /* Main.storyboard */ = {
			isa = PBXVariantGroup;
			children = (
				14FE6ECB1C73CC5500C5ED96 /* Base */,
			);
			name = Main.storyboard;
			sourceTree = "<group>";
		};
		14FE6ECF1C73CC5500C5ED96 /* LaunchScreen.storyboard */ = {
			isa = PBXVariantGroup;
			children = (
				14FE6ED01C73CC5500C5ED96 /* Base */,
			);
			name = LaunchScreen.storyboard;
			sourceTree = "<group>";
		};
/* End PBXVariantGroup section */

/* Begin XCBuildConfiguration section */
		14FE6ED31C73CC5500C5ED96 /* Debug */ = {
			isa = XCBuildConfiguration;
			buildSettings = {
				ALWAYS_SEARCH_USER_PATHS = NO;
				CLANG_CXX_LANGUAGE_STANDARD = "gnu++0x";
				CLANG_CXX_LIBRARY = "libc++";
				CLANG_ENABLE_MODULES = YES;
				CLANG_ENABLE_OBJC_ARC = YES;
				CLANG_WARN_BOOL_CONVERSION = YES;
				CLANG_WARN_CONSTANT_CONVERSION = YES;
				CLANG_WARN_DIRECT_OBJC_ISA_USAGE = YES_ERROR;
				CLANG_WARN_EMPTY_BODY = YES;
				CLANG_WARN_ENUM_CONVERSION = YES;
				CLANG_WARN_INT_CONVERSION = YES;
				CLANG_WARN_OBJC_ROOT_CLASS = YES_ERROR;
				CLANG_WARN_UNREACHABLE_CODE = YES;
				CLANG_WARN__DUPLICATE_METHOD_MATCH = YES;
				"CODE_SIGN_IDENTITY[sdk=iphoneos*]" = "iPhone Developer";
				COPY_PHASE_STRIP = NO;
				DEBUG_INFORMATION_FORMAT = dwarf;
				ENABLE_STRICT_OBJC_MSGSEND = YES;
				ENABLE_TESTABILITY = YES;
				GCC_C_LANGUAGE_STANDARD = gnu99;
				GCC_DYNAMIC_NO_PIC = NO;
				GCC_NO_COMMON_BLOCKS = YES;
				GCC_OPTIMIZATION_LEVEL = 0;
				GCC_PREPROCESSOR_DEFINITIONS = (
					"DEBUG=1",
					"$(inherited)",
				);
				GCC_WARN_64_TO_32_BIT_CONVERSION = YES;
				GCC_WARN_ABOUT_RETURN_TYPE = YES_ERROR;
				GCC_WARN_UNDECLARED_SELECTOR = YES;
				GCC_WARN_UNINITIALIZED_AUTOS = YES_AGGRESSIVE;
				GCC_WARN_UNUSED_FUNCTION = YES;
				GCC_WARN_UNUSED_VARIABLE = YES;
				IPHONEOS_DEPLOYMENT_TARGET = 9.2;
				MTL_ENABLE_DEBUG_INFO = YES;
				ONLY_ACTIVE_ARCH = YES;
				SDKROOT = iphoneos;
				SWIFT_OPTIMIZATION_LEVEL = "-Onone";
			};
			name = Debug;
		};
		14FE6ED41C73CC5500C5ED96 /* Release */ = {
			isa = XCBuildConfiguration;
			buildSettings = {
				ALWAYS_SEARCH_USER_PATHS = NO;
				CLANG_CXX_LANGUAGE_STANDARD = "gnu++0x";
				CLANG_CXX_LIBRARY = "libc++";
				CLANG_ENABLE_MODULES = YES;
				CLANG_ENABLE_OBJC_ARC = YES;
				CLANG_WARN_BOOL_CONVERSION = YES;
				CLANG_WARN_CONSTANT_CONVERSION = YES;
				CLANG_WARN_DIRECT_OBJC_ISA_USAGE = YES_ERROR;
				CLANG_WARN_EMPTY_BODY = YES;
				CLANG_WARN_ENUM_CONVERSION = YES;
				CLANG_WARN_INT_CONVERSION = YES;
				CLANG_WARN_OBJC_ROOT_CLASS = YES_ERROR;
				CLANG_WARN_UNREACHABLE_CODE = YES;
				CLANG_WARN__DUPLICATE_METHOD_MATCH = YES;
				"CODE_SIGN_IDENTITY[sdk=iphoneos*]" = "iPhone Developer";
				COPY_PHASE_STRIP = NO;
				DEBUG_INFORMATION_FORMAT = "dwarf-with-dsym";
				ENABLE_NS_ASSERTIONS = NO;
				ENABLE_STRICT_OBJC_MSGSEND = YES;
				GCC_C_LANGUAGE_STANDARD = gnu99;
				GCC_NO_COMMON_BLOCKS = YES;
				GCC_WARN_64_TO_32_BIT_CONVERSION = YES;
				GCC_WARN_ABOUT_RETURN_TYPE = YES_ERROR;
				GCC_WARN_UNDECLARED_SELECTOR = YES;
				GCC_WARN_UNINITIALIZED_AUTOS = YES_AGGRESSIVE;
				GCC_WARN_UNUSED_FUNCTION = YES;
				GCC_WARN_UNUSED_VARIABLE = YES;
				IPHONEOS_DEPLOYMENT_TARGET = 9.2;
				MTL_ENABLE_DEBUG_INFO = NO;
				SDKROOT = iphoneos;
				VALIDATE_PRODUCT = YES;
			};
			name = Release;
		};
		14FE6ED61C73CC5500C5ED96 /* Debug */ = {
			isa = XCBuildConfiguration;
			buildSettings = {
				ASSETCATALOG_COMPILER_APPICON_NAME = AppIcon;
				INFOPLIST_FILE = missingCar/Info.plist;
				LD_RUNPATH_SEARCH_PATHS = "$(inherited) @executable_path/Frameworks";
				PRODUCT_BUNDLE_IDENTIFIER = com.SeanCalkins.missingCar;
				PRODUCT_NAME = "$(TARGET_NAME)";
			};
			name = Debug;
		};
		14FE6ED71C73CC5500C5ED96 /* Release */ = {
			isa = XCBuildConfiguration;
			buildSettings = {
				ASSETCATALOG_COMPILER_APPICON_NAME = AppIcon;
				INFOPLIST_FILE = missingCar/Info.plist;
				LD_RUNPATH_SEARCH_PATHS = "$(inherited) @executable_path/Frameworks";
				PRODUCT_BUNDLE_IDENTIFIER = com.SeanCalkins.missingCar;
				PRODUCT_NAME = "$(TARGET_NAME)";
			};
			name = Release;
		};
/* End XCBuildConfiguration section */

/* Begin XCConfigurationList section */
		14FE6EBC1C73CC5500C5ED96 /* Build configuration list for PBXProject "missingCar" */ = {
			isa = XCConfigurationList;
			buildConfigurations = (
				14FE6ED31C73CC5500C5ED96 /* Debug */,
				14FE6ED41C73CC5500C5ED96 /* Release */,
			);
			defaultConfigurationIsVisible = 0;
			defaultConfigurationName = Release;
		};
		14FE6ED51C73CC5500C5ED96 /* Build configuration list for PBXNativeTarget "missingCar" */ = {
			isa = XCConfigurationList;
			buildConfigurations = (
				14FE6ED61C73CC5500C5ED96 /* Debug */,
				14FE6ED71C73CC5500C5ED96 /* Release */,
			);
			defaultConfigurationIsVisible = 0;
			defaultConfigurationName = Release;
		};
/* End XCConfigurationList section */
	};
	rootObject = 14FE6EB91C73CC5500C5ED96 /* Project object */;
}
